
Microsoft Visual Studio Solution File, Format Version 12.00
# Visual Studio Version 16
VisualStudioVersion = 16.0.29920.165
MinimumVisualStudioVersion = 10.0.40219.1
Project("{8BC9CEB8-8B4A-11D0-8D11-00A0C91BC942}") = "LW3PV_project", "LW3PV_project.vcxproj", "{EA626E61-4B8C-4986-87D0-76EDD06B69B2}"
EndProject
Global
	GlobalSection(SolutionConfigurationPlatforms) = preSolution
		Debug|x64 = Debug|x64
		Debug|x86 = Debug|x86
		Release|x64 = Release|x64
		Release|x86 = Release|x86
	EndGlobalSection
	GlobalSection(ProjectConfigurationPlatforms) = postSolution
		{EA626E61-4B8C-4986-87D0-76EDD06B69B2}.Debug|x64.ActiveCfg = Debug|x64
		{EA626E61-4B8C-4986-87D0-76EDD06B69B2}.Debug|x64.Build.0 = Debug|x64
		{EA626E61-4B8C-4986-87D0-76EDD06B69B2}.Debug|x86.ActiveCfg = Debug|Win32
		{EA626E61-4B8C-4986-87D0-76EDD06B69B2}.Debug|x86.Build.0 = Debug|Win32
		{EA626E61-4B8C-4986-87D0-76EDD06B69B2}.Release|x64.ActiveCfg = Release|x64
		{EA626E61-4B8C-4986-87D0-76EDD06B69B2}.Release|x64.Build.0 = Release|x64
		{EA626E61-4B8C-4986-87D0-76EDD06B69B2}.Release|x86.ActiveCfg = Release|Win32
		{EA626E61-4B8C-4986-87D0-76EDD06B69B2}.Release|x86.Build.0 = Release|Win32
	EndGlobalSection
	GlobalSection(SolutionProperties) = preSolution
		HideSolutionNode = FALSE
	EndGlobalSection
	GlobalSection(ExtensibilityGlobals) = postSolution
		SolutionGuid = {F71869C6-9154-4DB8-B733-D8F2E70EAC08}
	EndGlobalSection
EndGlobal
